
Microsoft Visual Studio Solution File, Format Version 12.00
# Visual Studio 15
VisualStudioVersion = 15.0.26730.15
MinimumVisualStudioVersion = 10.0.40219.1
Project("{FAE04EC0-301F-11D3-BF4B-00C04F79EFBC}") = "SportsStoreDomainLibrary", "SportsStoreDomainLibrary\SportsStoreDomainLibrary.csproj", "{3AB0AA3A-1DE6-42E8-B75C-E9E57FA5FB4A}"
EndProject
Project("{2150E333-8FDC-42A3-9474-1A3956D46DE8}") = "Solution Items", "Solution Items", "{13C49778-1EFD-4086-A662-FDE0B8DC648F}"
	ProjectSection(SolutionItems) = preProject
		Instructions.txt = Instructions.txt
	EndProjectSection
EndProject
Project("{FAE04EC0-301F-11D3-BF4B-00C04F79EFBC}") = "BasicSportsStoreWpfApp", "BasicSportsStoreWpfApp\BasicSportsStoreWpfApp.csproj", "{2DAF6114-3BE3-475B-A6E2-F0207C309D55}"
EndProject
Project("{FAE04EC0-301F-11D3-BF4B-00C04F79EFBC}") = "SportsStoreMVVMWpfApp", "SportsStoreMVVMWpfApp\SportsStoreMVVMWpfApp.csproj", "{7554627D-1732-4AC9-8152-B7198F878933}"
EndProject
Global
	GlobalSection(SolutionConfigurationPlatforms) = preSolution
		Debug|Any CPU = Debug|Any CPU
		Release|Any CPU = Release|Any CPU
	EndGlobalSection
	GlobalSection(ProjectConfigurationPlatforms) = postSolution
		{3AB0AA3A-1DE6-42E8-B75C-E9E57FA5FB4A}.Debug|Any CPU.ActiveCfg = Debug|Any CPU
		{3AB0AA3A-1DE6-42E8-B75C-E9E57FA5FB4A}.Debug|Any CPU.Build.0 = Debug|Any CPU
		{3AB0AA3A-1DE6-42E8-B75C-E9E57FA5FB4A}.Release|Any CPU.ActiveCfg = Release|Any CPU
		{3AB0AA3A-1DE6-42E8-B75C-E9E57FA5FB4A}.Release|Any CPU.Build.0 = Release|Any CPU
		{2DAF6114-3BE3-475B-A6E2-F0207C309D55}.Debug|Any CPU.ActiveCfg = Debug|Any CPU
		{2DAF6114-3BE3-475B-A6E2-F0207C309D55}.Debug|Any CPU.Build.0 = Debug|Any CPU
		{2DAF6114-3BE3-475B-A6E2-F0207C309D55}.Release|Any CPU.ActiveCfg = Release|Any CPU
		{2DAF6114-3BE3-475B-A6E2-F0207C309D55}.Release|Any CPU.Build.0 = Release|Any CPU
		{7554627D-1732-4AC9-8152-B7198F878933}.Debug|Any CPU.ActiveCfg = Debug|Any CPU
		{7554627D-1732-4AC9-8152-B7198F878933}.Debug|Any CPU.Build.0 = Debug|Any CPU
		{7554627D-1732-4AC9-8152-B7198F878933}.Release|Any CPU.ActiveCfg = Release|Any CPU
		{7554627D-1732-4AC9-8152-B7198F878933}.Release|Any CPU.Build.0 = Release|Any CPU
	EndGlobalSection
	GlobalSection(SolutionProperties) = preSolution
		HideSolutionNode = FALSE
	EndGlobalSection
	GlobalSection(ExtensibilityGlobals) = postSolution
		SolutionGuid = {29A2AB30-BD1F-40E9-A853-87EE2B10346F}
	EndGlobalSection
EndGlobal
